hash: b9c5b24c455ef450b2996fe9695f301ce900928043cccf6877806d7a0cd97775
updated: 2016-05-01T01:58:53.501478275+09:00
imports:
- name: github.com/davecgh/go-spew
  version: 5215b55f46b2b919f50a1df0eaa5886afe4e3b3d
  subpackages:
  - spew
- name: github.com/gin-gonic/gin
  version: 542be2fe77724f800fcab7eb6c01a4e597fb8506
- name: github.com/gokyle/fswatch
  version: 1dbdf8320a690537582afe0f45c947f501adeaad
- name: github.com/golang/protobuf
  version: 2402d76f3d41f928c7902a765dfc872356dd3aad
  subpackages:
  - proto
- name: github.com/howeyc/gopass
  version: 66487b23f2880ba32e185121d2cd51a338ea069a
- name: github.com/manucorporat/sse
  version: ee05b128a739a0fb76c7ebd3ae4810c1de808d6d
- name: github.com/mattn/go-colorable
  version: bc69d6cebca8dd5675346a34a1c545b67dc74d5e
- name: github.com/mgutz/ansi
  version: c286dcecd19ff979eeb73ea444e479b903f2cfcb
- name: github.com/mgutz/goa
  version: d673c4ff3be94468852a044acd92b006a6b49c35
- name: github.com/mgutz/minimist
  version: 39eb8cf573ca29344bd7d7e6ba4d7febdebd37a9
- name: github.com/mgutz/str
  version: 968bf66e3da857419e4f6e71b2d5c9ae95682dc4
- name: github.com/mgutz/to
  version: 2a0bcba0661696e339461f5efb2273f4459dd1b9
- name: github.com/MichaelTJones/walk
  version: 3af09438b0ab0e8f296410bfa646a7e635ea1fc0
- name: github.com/nozzle/throttler
  version: d9b45f19996c645d38c9266d1f5cf1990e930119
- name: github.com/pmezard/go-difflib
  version: 792786c7400a136282c1664665ae0a8db921c6c2
  subpackages:
  - difflib
- name: github.com/stretchr/objx
  version: cbeaeb16a013161a98496fad62933b1d21786672
- name: github.com/stretchr/testify
  version: f390dcf405f7b83c997eac1b06768bb9f44dec18
  subpackages:
  - assert
- name: golang.org/x/crypto
  version: 285fb2ed20d1dc450fc743a1b3ff7c36bef372b9
- name: golang.org/x/net
  version: f315505cf3349909cdf013ea56690da34e96a451
  subpackages:
  - context
- name: golang.org/x/text
  version: bd1c9905f55d983c0cd0b15cf0c3e2fe860c8902
- name: gopkg.in/go-playground/validator.v8
  version: c193cecd124b5cc722d7ee5538e945bdb3348435
- name: gopkg.in/godo.v1
  version: 60979dc29b693e86b330512ce0a00f77856d5dd3
- name: gopkg.in/godo.v2
  version: b5fd2f0bef1ebe832e628cfad18ab1cc707f65a1
- name: gopkg.in/yaml.v2
  version: a83829b6f1293c91addabc89d0571c246397bbf4
devImports: []
